// !$*UTF8*$!
{
	archiveVersion = 1;
	classes = {
	};
	objectVersion = 50;
	objects = {

/* Begin PBXBuildFile section */
		44060BDF252D3FD0009B99BE /* main.cpp in Sources */ = {isa = PBXBuildFile; fileRef = 44060BDE252D3FD0009B99BE /* main.cpp */; };
/* End PBXBuildFile section */

/* Begin PBXCopyFilesBuildPhase section */
		44060BD9252D3FD0009B99BE /* CopyFiles */ = {
			isa = PBXCopyFilesBuildPhase;
			buildActionMask = 2147483647;
			dstPath = /usr/share/man/man1/;
			dstSubfolderSpec = 0;
			files = (
			);
			runOnlyForDeploymentPostprocessing = 1;
		};
/* End PBXCopyFilesBuildPhase section */

/* Begin PBXFileReference section */
		44060BDB252D3FD0009B99BE /* Act-2.3 */ = {isa = PBXFileReference; explicitFileType = "compiled.mach-o.executable"; includeInIndex = 0; path = "Act-2.3"; sourceTree = BUILT_PRODUCTS_DIR; };
		44060BDE252D3FD0009B99BE /* main.cpp */ = {isa = PBXFileReference; lastKnownFileType = sourcecode.cpp.cpp; path = main.cpp; sourceTree = "<group>"; };
		44060BE6252D4019009B99BE /* Queue.h */ = {isa = PBXFileReference; lastKnownFileType = sourcecode.c.h; path = Queue.h; sourceTree = "<group>"; };
		44060BE8252D4030009B99BE /* DoublyLinkedList.h */ = {isa = PBXFileReference; lastKnownFileType = sourcecode.c.h; path = DoublyLinkedList.h; sourceTree = "<group>"; };
		44060BEB252D7715009B99BE /* Bitacora.txt */ = {isa = PBXFileReference; lastKnownFileType = text; path = Bitacora.txt; sourceTree = "<group>"; };
		44060BED252D77C4009B99BE /* Registro.h */ = {isa = PBXFileReference; lastKnownFileType = sourcecode.c.h; path = Registro.h; sourceTree = "<group>"; };
		44060BF0252D7911009B99BE /* BitacoraTest.txt */ = {isa = PBXFileReference; lastKnownFileType = text; path = BitacoraTest.txt; sourceTree = "<group>"; };
		44060BF3252D9239009B99BE /* DLLNode.h */ = {isa = PBXFileReference; lastKnownFileType = sourcecode.c.h; path = DLLNode.h; sourceTree = "<group>"; };
		44E40046252ED4C600B531BE /* BitacoraFin.txt */ = {isa = PBXFileReference; lastKnownFileType = text; path = BitacoraFin.txt; sourceTree = "<group>"; };
/* End PBXFileReference section */

/* Begin PBXFrameworksBuildPhase section */
		44060BD8252D3FD0009B99BE /* Frameworks */ = {
			isa = PBXFrameworksBuildPhase;
			buildActionMask = 2147483647;
			files = (
			);
			runOnlyForDeploymentPostprocessing = 0;
		};
/* End PBXFrameworksBuildPhase section */

/* Begin PBXGroup section */
		44060BD2252D3FD0009B99BE = {
			isa = PBXGroup;
			children = (
				44060BDD252D3FD0009B99BE /* Act-2.3 */,
				44060BDC252D3FD0009B99BE /* Products */,
			);
			sourceTree = "<group>";
		};
		44060BDC252D3FD0009B99BE /* Products */ = {
			isa = PBXGroup;
			children = (
				44060BDB252D3FD0009B99BE /* Act-2.3 */,
			);
			name = Products;
			sourceTree = "<group>";
		};
		44060BDD252D3FD0009B99BE /* Act-2.3 */ = {
			isa = PBXGroup;
			children = (
				44060BDE252D3FD0009B99BE /* main.cpp */,
				44E40046252ED4C600B531BE /* BitacoraFin.txt */,
				44060BEB252D7715009B99BE /* Bitacora.txt */,
				44060BF0252D7911009B99BE /* BitacoraTest.txt */,
				44060BE6252D4019009B99BE /* Queue.h */,
				44060BF3252D9239009B99BE /* DLLNode.h */,
				44060BED252D77C4009B99BE /* Registro.h */,
				44060BE8252D4030009B99BE /* DoublyLinkedList.h */,
			);
			path = "Act-2.3";
			sourceTree = "<group>";
		};
/* End PBXGroup section */

/* Begin PBXNativeTarget section */
		44060BDA252D3FD0009B99BE /* Act-2.3 */ = {
			isa = PBXNativeTarget;
			buildConfigurationList = 44060BE2252D3FD0009B99BE /* Build configuration list for PBXNativeTarget "Act-2.3" */;
			buildPhases = (
				44060BD7252D3FD0009B99BE /* Sources */,
				44060BD8252D3FD0009B99BE /* Frameworks */,
				44060BD9252D3FD0009B99BE /* CopyFiles */,
			);
			buildRules = (
			);
			dependencies = (
			);
			name = "Act-2.3";
			productName = "Act-2.3";
			productReference = 44060BDB252D3FD0009B99BE /* Act-2.3 */;
			productType = "com.apple.product-type.tool";
		};
/* End PBXNativeTarget section */

/* Begin PBXProject section */
		44060BD3252D3FD0009B99BE /* Project object */ = {
			isa = PBXProject;
			attributes = {
				LastUpgradeCheck = 1200;
				TargetAttributes = {
					44060BDA252D3FD0009B99BE = {
						CreatedOnToolsVersion = 12.0.1;
					};
				};
			};
			buildConfigurationList = 44060BD6252D3FD0009B99BE /* Build configuration list for PBXProject "Act-2.3" */;
			compatibilityVersion = "Xcode 9.3";
			developmentRegion = en;
			hasScannedForEncodings = 0;
			knownRegions = (
				en,
				Base,
			);
			mainGroup = 44060BD2252D3FD0009B99BE;
			productRefGroup = 44060BDC252D3FD0009B99BE /* Products */;
			projectDirPath = "";
			projectRoot = "";
			targets = (
				44060BDA252D3FD0009B99BE /* Act-2.3 */,
			);
		};
/* End PBXProject section */

/* Begin PBXSourcesBuildPhase section */
		44060BD7252D3FD0009B99BE /* Sources */ = {
			isa = PBXSourcesBuildPhase;
			buildActionMask = 2147483647;
			files = (
				44060BDF252D3FD0009B99BE /* main.cpp in Sources */,
			);
			runOnlyForDeploymentPostprocessing = 0;
		};
/* End PBXSourcesBuildPhase section */

/* Begin XCBuildConfiguration section */
		44060BE0252D3FD0009B99BE /* Debug */ = {
			isa = XCBuildConfiguration;
			buildSettings = {
				ALWAYS_SEARCH_USER_PATHS = NO;
				CLANG_ANALYZER_NONNULL = YES;
				CLANG_ANALYZER_NUMBER_OBJECT_CONVERSION = YES_AGGRESSIVE;
				CLANG_CXX_LANGUAGE_STANDARD = "gnu++14";
				CLANG_CXX_LIBRARY = "libc++";
				CLANG_ENABLE_MODULES = YES;
				CLANG_ENABLE_OBJC_ARC = YES;
				CLANG_ENABLE_OBJC_WEAK = YES;
				CLANG_WARN_BLOCK_CAPTURE_AUTORELEASING = YES;
				CLANG_WARN_BOOL_CONVERSION = YES;
				CLANG_WARN_COMMA = YES;
				CLANG_WARN_CONSTANT_CONVERSION = YES;
				CLANG_WARN_DEPRECATED_OBJC_IMPLEMENTATIONS = YES;
				CLANG_WARN_DIRECT_OBJC_ISA_USAGE = YES_ERROR;
				CLANG_WARN_DOCUMENTATION_COMMENTS = YES;
				CLANG_WARN_EMPTY_BODY = YES;
				CLANG_WARN_ENUM_CONVERSION = YES;
				CLANG_WARN_INFINITE_RECURSION = YES;
				CLANG_WARN_INT_CONVERSION = YES;
				CLANG_WARN_NON_LITERAL_NULL_CONVERSION = YES;
				CLANG_WARN_OBJC_IMPLICIT_RETAIN_SELF = YES;
				CLANG_WARN_OBJC_LITERAL_CONVERSION = YES;
				CLANG_WARN_OBJC_ROOT_CLASS = YES_ERROR;
				CLANG_WARN_QUOTED_INCLUDE_IN_FRAMEWORK_HEADER = YES;
				CLANG_WARN_RANGE_LOOP_ANALYSIS = YES;
				CLANG_WARN_STRICT_PROTOTYPES = YES;
				CLANG_WARN_SUSPICIOUS_MOVE = YES;
				CLANG_WARN_UNGUARDED_AVAILABILITY = YES_AGGRESSIVE;
				CLANG_WARN_UNREACHABLE_CODE = YES;
				CLANG_WARN__DUPLICATE_METHOD_MATCH = YES;
				COPY_PHASE_STRIP = NO;
				DEBUG_INFORMATION_FORMAT = dwarf;
				ENABLE_STRICT_OBJC_MSGSEND = YES;
				ENABLE_TESTABILITY = YES;
				GCC_C_LANGUAGE_STANDARD = gnu11;
				GCC_DYNAMIC_NO_PIC = NO;
				GCC_NO_COMMON_BLOCKS = YES;
				GCC_OPTIMIZATION_LEVEL = 0;
				GCC_PREPROCESSOR_DEFINITIONS = (
					"DEBUG=1",
					"$(inherited)",
				);
				GCC_WARN_64_TO_32_BIT_CONVERSION = YES;
				GCC_WARN_ABOUT_RETURN_TYPE = YES_ERROR;
				GCC_WARN_UNDECLARED_SELECTOR = YES;
				GCC_WARN_UNINITIALIZED_AUTOS = YES_AGGRESSIVE;
				GCC_WARN_UNUSED_FUNCTION = YES;
				GCC_WARN_UNUSED_VARIABLE = YES;
				MACOSX_DEPLOYMENT_TARGET = 10.15;
				MTL_ENABLE_DEBUG_INFO = INCLUDE_SOURCE;
				MTL_FAST_MATH = YES;
				ONLY_ACTIVE_ARCH = YES;
				SDKROOT = macosx;
			};
			name = Debug;
		};
		44060BE1252D3FD0009B99BE /* Release */ = {
			isa = XCBuildConfiguration;
			buildSettings = {
				ALWAYS_SEARCH_USER_PATHS = NO;
				CLANG_ANALYZER_NONNULL = YES;
				CLANG_ANALYZER_NUMBER_OBJECT_CONVERSION = YES_AGGRESSIVE;
				CLANG_CXX_LANGUAGE_STANDARD = "gnu++14";
				CLANG_CXX_LIBRARY = "libc++";
				CLANG_ENABLE_MODULES = YES;
				CLANG_ENABLE_OBJC_ARC = YES;
				CLANG_ENABLE_OBJC_WEAK = YES;
				CLANG_WARN_BLOCK_CAPTURE_AUTORELEASING = YES;
				CLANG_WARN_BOOL_CONVERSION = YES;
				CLANG_WARN_COMMA = YES;
				CLANG_WARN_CONSTANT_CONVERSION = YES;
				CLANG_WARN_DEPRECATED_OBJC_IMPLEMENTATIONS = YES;
				CLANG_WARN_DIRECT_OBJC_ISA_USAGE = YES_ERROR;
				CLANG_WARN_DOCUMENTATION_COMMENTS = YES;
				CLANG_WARN_EMPTY_BODY = YES;
				CLANG_WARN_ENUM_CONVERSION = YES;
				CLANG_WARN_INFINITE_RECURSION = YES;
				CLANG_WARN_INT_CONVERSION = YES;
				CLANG_WARN_NON_LITERAL_NULL_CONVERSION = YES;
				CLANG_WARN_OBJC_IMPLICIT_RETAIN_SELF = YES;
				CLANG_WARN_OBJC_LITERAL_CONVERSION = YES;
				CLANG_WARN_OBJC_ROOT_CLASS = YES_ERROR;
				CLANG_WARN_QUOTED_INCLUDE_IN_FRAMEWORK_HEADER = YES;
				CLANG_WARN_RANGE_LOOP_ANALYSIS = YES;
				CLANG_WARN_STRICT_PROTOTYPES = YES;
				CLANG_WARN_SUSPICIOUS_MOVE = YES;
				CLANG_WARN_UNGUARDED_AVAILABILITY = YES_AGGRESSIVE;
				CLANG_WARN_UNREACHABLE_CODE = YES;
				CLANG_WARN__DUPLICATE_METHOD_MATCH = YES;
				COPY_PHASE_STRIP = NO;
				DEBUG_INFORMATION_FORMAT = "dwarf-with-dsym";
				ENABLE_NS_ASSERTIONS = NO;
				ENABLE_STRICT_OBJC_MSGSEND = YES;
				GCC_C_LANGUAGE_STANDARD = gnu11;
				GCC_NO_COMMON_BLOCKS = YES;
				GCC_WARN_64_TO_32_BIT_CONVERSION = YES;
				GCC_WARN_ABOUT_RETURN_TYPE = YES_ERROR;
				GCC_WARN_UNDECLARED_SELECTOR = YES;
				GCC_WARN_UNINITIALIZED_AUTOS = YES_AGGRESSIVE;
				GCC_WARN_UNUSED_FUNCTION = YES;
				GCC_WARN_UNUSED_VARIABLE = YES;
				MACOSX_DEPLOYMENT_TARGET = 10.15;
				MTL_ENABLE_DEBUG_INFO = NO;
				MTL_FAST_MATH = YES;
				SDKROOT = macosx;
			};
			name = Release;
		};
		44060BE3252D3FD0009B99BE /* Debug */ = {
			isa = XCBuildConfiguration;
			buildSettings = {
				CODE_SIGN_STYLE = Automatic;
				DEVELOPMENT_TEAM = 5S3RQP7R65;
				ENABLE_HARDENED_RUNTIME = YES;
				PRODUCT_NAME = "$(TARGET_NAME)";
			};
			name = Debug;
		};
		44060BE4252D3FD0009B99BE /* Release */ = {
			isa = XCBuildConfiguration;
			buildSettings = {
				CODE_SIGN_STYLE = Automatic;
				DEVELOPMENT_TEAM = 5S3RQP7R65;
				ENABLE_HARDENED_RUNTIME = YES;
				PRODUCT_NAME = "$(TARGET_NAME)";
			};
			name = Release;
		};
/* End XCBuildConfiguration section */

/* Begin XCConfigurationList section */
		44060BD6252D3FD0009B99BE /* Build configuration list for PBXProject "Act-2.3" */ = {
			isa = XCConfigurationList;
			buildConfigurations = (
				44060BE0252D3FD0009B99BE /* Debug */,
				44060BE1252D3FD0009B99BE /* Release */,
			);
			defaultConfigurationIsVisible = 0;
			defaultConfigurationName = Release;
		};
		44060BE2252D3FD0009B99BE /* Build configuration list for PBXNativeTarget "Act-2.3" */ = {
			isa = XCConfigurationList;
			buildConfigurations = (
				44060BE3252D3FD0009B99BE /* Debug */,
				44060BE4252D3FD0009B99BE /* Release */,
			);
			defaultConfigurationIsVisible = 0;
			defaultConfigurationName = Release;
		};
/* End XCConfigurationList section */
	};
	rootObject = 44060BD3252D3FD0009B99BE /* Project object */;
}
